
Microsoft Visual Studio Solution File, Format Version 12.00
# Visual Studio 15
VisualStudioVersion = 15.0.28307.438
MinimumVisualStudioVersion = 10.0.40219.1
Project("{FAE04EC0-301F-11D3-BF4B-00C04F79EFBC}") = "DomingoRoofWorksWebApplication", "DomingoRoofWorksWebApplication\DomingoRoofWorksWebApplication.csproj", "{F33C0D8A-70F4-4688-824A-FFD6AFA4AB67}"
EndProject
Global
	GlobalSection(SolutionConfigurationPlatforms) = preSolution
		Debug|Any CPU = Debug|Any CPU
		Release|Any CPU = Release|Any CPU
	EndGlobalSection
	GlobalSection(ProjectConfigurationPlatforms) = postSolution
		{F33C0D8A-70F4-4688-824A-FFD6AFA4AB67}.Debug|Any CPU.ActiveCfg = Debug|Any CPU
		{F33C0D8A-70F4-4688-824A-FFD6AFA4AB67}.Debug|Any CPU.Build.0 = Debug|Any CPU
		{F33C0D8A-70F4-4688-824A-FFD6AFA4AB67}.Release|Any CPU.ActiveCfg = Release|Any CPU
		{F33C0D8A-70F4-4688-824A-FFD6AFA4AB67}.Release|Any CPU.Build.0 = Release|Any CPU
	EndGlobalSection
	GlobalSection(SolutionProperties) = preSolution
		HideSolutionNode = FALSE
	EndGlobalSection
	GlobalSection(ExtensibilityGlobals) = postSolution
		SolutionGuid = {F3A18104-8101-4DFA-A1E2-A71B1CED581B}
	EndGlobalSection
EndGlobal
